{
  "version": 4,
  "terraform_version": "1.2.5",
  "serial": 86,
  "lineage": "df61723b-1648-7b09-6f85-7666f21f928c",
  "outputs": {},
  "resources": [
    {
      "mode": "data",
      "type": "azurerm_client_config",
      "name": "current",
      "provider": "provider[\"registry.terraform.io/hashicorp/azurerm\"]",
      "instances": [
        {
          "schema_version": 0,
          "attributes": {
            "client_id": "3193c0e0-e0a4-4448-8c38-df9162661dc2",
            "id": "Y2xpZW50Q29uZmlncy9jbGllbnRJZD0zMTkzYzBlMC1lMGE0LTQ0NDgtOGMzOC1kZjkxNjI2NjFkYzI7b2JqZWN0SWQ9MzhmZTBjNTYtYzExYy00NTNiLTkxMzAtMDAyYjJlMjAwM2I2O3N1YnNjcmlwdGlvbklkPWU1MTU1YmIwLWRhNzctNDBjYi05MjAyLTdhMWM1NDE0OTBlZjt0ZW5hbnRJZD1iMWJkNTA3OC0xNTY2LTRjNWEtYmEzOC0zMmEyMjk0Mzc0YWE=",
            "object_id": "38fe0c56-c11c-453b-9130-002b2e2003b6",
            "subscription_id": "e5155bb0-da77-40cb-9202-7a1c541490ef",
            "tenant_id": "b1bd5078-1566-4c5a-ba38-32a2294374aa",
            "timeouts": null
          },
          "sensitive_attributes": []
        }
      ]
    },
    {
      "mode": "data",
      "type": "external",
      "name": "me",
      "provider": "provider[\"registry.terraform.io/hashicorp/external\"]",
      "instances": [
        {
          "schema_version": 0,
          "attributes": {
            "id": "-",
            "program": [
              "az",
              "account",
              "show",
              "--query",
              "user"
            ],
            "query": null,
            "result": {
              "name": "izo.fernando1001@gmail.com",
              "type": "user"
            },
            "working_dir": null
          },
          "sensitive_attributes": []
        }
      ]
    },
    {
      "mode": "managed",
      "type": "azurerm_databricks_workspace",
      "name": "this",
      "provider": "provider[\"registry.terraform.io/hashicorp/azurerm\"]",
      "instances": [
        {
          "schema_version": 0,
          "attributes": {
            "custom_parameters": [
              {
                "machine_learning_workspace_id": "",
                "nat_gateway_name": "nat-gateway",
                "no_public_ip": true,
                "private_subnet_name": "fsi-private",
                "private_subnet_network_security_group_association_id": "/subscriptions/e5155bb0-da77-40cb-9202-7a1c541490ef/resourceGroups/rg-databrk-fsi/providers/Microsoft.Network/virtualNetworks/fsi-vnet/subnets/fsi-private",
                "public_ip_name": "nat-gw-public-ip",
                "public_subnet_name": "fsi-public",
                "public_subnet_network_security_group_association_id": "/subscriptions/e5155bb0-da77-40cb-9202-7a1c541490ef/resourceGroups/rg-databrk-fsi/providers/Microsoft.Network/virtualNetworks/fsi-vnet/subnets/fsi-public",
                "storage_account_name": "dbstoragetcdfx5el2isjo",
                "storage_account_sku_name": "Standard_GRS",
                "virtual_network_id": "/subscriptions/e5155bb0-da77-40cb-9202-7a1c541490ef/resourceGroups/rg-databrk-fsi/providers/Microsoft.Network/virtualNetworks/fsi-vnet",
                "vnet_address_prefix": "10.139"
              }
            ],
            "customer_managed_key_enabled": false,
            "disk_encryption_set_id": null,
            "id": "/subscriptions/e5155bb0-da77-40cb-9202-7a1c541490ef/resourceGroups/rg-databrk-fsi/providers/Microsoft.Databricks/workspaces/fsi-workspace",
            "infrastructure_encryption_enabled": false,
            "load_balancer_backend_address_pool_id": "",
            "location": "eastus2",
            "managed_disk_cmk_key_vault_key_id": null,
            "managed_disk_cmk_rotation_to_latest_version_enabled": null,
            "managed_disk_identity": [],
            "managed_resource_group_id": "/subscriptions/e5155bb0-da77-40cb-9202-7a1c541490ef/resourceGroups/databricks-rg-rg-databrk-fsi",
            "managed_resource_group_name": "databricks-rg-rg-databrk-fsi",
            "managed_services_cmk_key_vault_key_id": null,
            "name": "fsi-workspace",
            "network_security_group_rules_required": "NoAzureDatabricksRules",
            "public_network_access_enabled": false,
            "resource_group_name": "rg-databrk-fsi",
            "sku": "premium",
            "storage_account_identity": [],
            "tags": {
              "Environment": "Demo",
              "Owner": "izo.fernando1001@gmail.com"
            },
            "timeouts": null,
            "workspace_id": "5170018194599846",
            "workspace_url": "adb-5170018194599846.6.azuredatabricks.net"
          },
          "sensitive_attributes": [],
          "private": "eyJlMmJmYjczMC1lY2FhLTExZTYtOGY4OC0zNDM2M2JjN2M0YzAiOnsiY3JlYXRlIjoxODAwMDAwMDAwMDAwLCJkZWxldGUiOjE4MDAwMDAwMDAwMDAsInJlYWQiOjMwMDAwMDAwMDAwMCwidXBkYXRlIjoxODAwMDAwMDAwMDAwfX0=",
          "dependencies": [
            "azurerm_network_security_group.this",
            "azurerm_resource_group.fsi-rg",
            "azurerm_subnet.private",
            "azurerm_subnet.public",
            "azurerm_subnet_network_security_group_association.private",
            "azurerm_subnet_network_security_group_association.public",
            "azurerm_virtual_network.this",
            "data.external.me"
          ]
        }
      ]
    },
    {
      "mode": "managed",
      "type": "azurerm_databricks_workspace",
      "name": "web-oauth",
      "provider": "provider[\"registry.terraform.io/hashicorp/azurerm\"]",
      "instances": [
        {
          "schema_version": 0,
          "attributes": {
            "custom_parameters": [
              {
                "machine_learning_workspace_id": "",
                "nat_gateway_name": "nat-gateway",
                "no_public_ip": true,
                "private_subnet_name": "fsi-private-oauth",
                "private_subnet_network_security_group_association_id": "/subscriptions/e5155bb0-da77-40cb-9202-7a1c541490ef/resourceGroups/rg-databrk-fsi/providers/Microsoft.Network/virtualNetworks/fsi-vnet/subnets/fsi-private-oauth",
                "public_ip_name": "nat-gw-public-ip",
                "public_subnet_name": "fsi-public-oauth",
                "public_subnet_network_security_group_association_id": "/subscriptions/e5155bb0-da77-40cb-9202-7a1c541490ef/resourceGroups/rg-databrk-fsi/providers/Microsoft.Network/virtualNetworks/fsi-vnet/subnets/fsi-public-oauth",
                "storage_account_name": "dbstorageqhqopbddh35bk",
                "storage_account_sku_name": "Standard_GRS",
                "virtual_network_id": "/subscriptions/e5155bb0-da77-40cb-9202-7a1c541490ef/resourceGroups/rg-databrk-fsi/providers/Microsoft.Network/virtualNetworks/fsi-vnet",
                "vnet_address_prefix": "10.139"
              }
            ],
            "customer_managed_key_enabled": false,
            "disk_encryption_set_id": null,
            "id": "/subscriptions/e5155bb0-da77-40cb-9202-7a1c541490ef/resourceGroups/rg-databrk-fsi/providers/Microsoft.Databricks/workspaces/web-oauth-workspace",
            "infrastructure_encryption_enabled": false,
            "load_balancer_backend_address_pool_id": "",
            "location": "eastus2",
            "managed_disk_cmk_key_vault_key_id": null,
            "managed_disk_cmk_rotation_to_latest_version_enabled": null,
            "managed_disk_identity": [],
            "managed_resource_group_id": "/subscriptions/e5155bb0-da77-40cb-9202-7a1c541490ef/resourceGroups/fsi-managedrg-web-oauth",
            "managed_resource_group_name": "fsi-managedrg-web-oauth",
            "managed_services_cmk_key_vault_key_id": null,
            "name": "web-oauth-workspace",
            "network_security_group_rules_required": "NoAzureDatabricksRules",
            "public_network_access_enabled": false,
            "resource_group_name": "rg-databrk-fsi",
            "sku": "premium",
            "storage_account_identity": [],
            "tags": {
              "Environment": "Demo",
              "Owner": "izo.fernando1001@gmail.com"
            },
            "timeouts": null,
            "workspace_id": "2259422736853952",
            "workspace_url": "adb-2259422736853952.12.azuredatabricks.net"
          },
          "sensitive_attributes": [],
          "private": "eyJlMmJmYjczMC1lY2FhLTExZTYtOGY4OC0zNDM2M2JjN2M0YzAiOnsiY3JlYXRlIjoxODAwMDAwMDAwMDAwLCJkZWxldGUiOjE4MDAwMDAwMDAwMDAsInJlYWQiOjMwMDAwMDAwMDAwMCwidXBkYXRlIjoxODAwMDAwMDAwMDAwfX0=",
          "dependencies": [
            "azurerm_network_security_group.this",
            "azurerm_resource_group.fsi-rg",
            "azurerm_subnet.private-oauth",
            "azurerm_subnet.public-oauth",
            "azurerm_subnet_network_security_group_association.private-oauth",
            "azurerm_subnet_network_security_group_association.public-oauth",
            "azurerm_virtual_network.this",
            "data.external.me"
          ]
        }
      ]
    },
    {
      "mode": "managed",
      "type": "azurerm_network_interface",
      "name": "brk-nic",
      "provider": "provider[\"registry.terraform.io/hashicorp/azurerm\"]",
      "instances": [
        {
          "schema_version": 0,
          "attributes": {
            "applied_dns_servers": [],
            "dns_servers": [],
            "edge_zone": "",
            "enable_accelerated_networking": false,
            "enable_ip_forwarding": false,
            "id": "/subscriptions/e5155bb0-da77-40cb-9202-7a1c541490ef/resourceGroups/rg-databrk-fsi/providers/Microsoft.Network/networkInterfaces/brk-nic",
            "internal_dns_name_label": "",
            "internal_domain_name_suffix": "ek5yyyddvdiepgqs4beqbd4puc.cx.internal.cloudapp.net",
            "ip_configuration": [
              {
                "gateway_load_balancer_frontend_ip_configuration_id": "",
                "name": "internal",
                "primary": true,
                "private_ip_address": "10.0.1.68",
                "private_ip_address_allocation": "Dynamic",
                "private_ip_address_version": "IPv4",
                "public_ip_address_id": "/subscriptions/e5155bb0-da77-40cb-9202-7a1c541490ef/resourceGroups/rg-databrk-fsi/providers/Microsoft.Network/publicIPAddresses/brk-ip",
                "subnet_id": "/subscriptions/e5155bb0-da77-40cb-9202-7a1c541490ef/resourceGroups/rg-databrk-fsi/providers/Microsoft.Network/virtualNetworks/fsi-vnet/subnets/fsi-vmprivatelink"
              }
            ],
            "location": "eastus2",
            "mac_address": "",
            "name": "brk-nic",
            "private_ip_address": "10.0.1.68",
            "private_ip_addresses": [
              "10.0.1.68"
            ],
            "resource_group_name": "rg-databrk-fsi",
            "tags": {
              "environment": "dev"
            },
            "timeouts": null,
            "virtual_machine_id": ""
          },
          "sensitive_attributes": [],
          "private": "eyJlMmJmYjczMC1lY2FhLTExZTYtOGY4OC0zNDM2M2JjN2M0YzAiOnsiY3JlYXRlIjoxODAwMDAwMDAwMDAwLCJkZWxldGUiOjE4MDAwMDAwMDAwMDAsInJlYWQiOjMwMDAwMDAwMDAwMCwidXBkYXRlIjoxODAwMDAwMDAwMDAwfX0=",
          "dependencies": [
            "azurerm_public_ip.brk-ip",
            "azurerm_resource_group.fsi-rg",
            "azurerm_subnet.vmsubnet",
            "azurerm_virtual_network.this",
            "data.external.me"
          ]
        }
      ]
    },
    {
      "mode": "managed",
      "type": "azurerm_network_security_group",
      "name": "nsg-vm",
      "provider": "provider[\"registry.terraform.io/hashicorp/azurerm\"]",
      "instances": [
        {
          "schema_version": 0,
          "attributes": {
            "id": "/subscriptions/e5155bb0-da77-40cb-9202-7a1c541490ef/resourceGroups/rg-databrk-fsi/providers/Microsoft.Network/networkSecurityGroups/nsg-vm",
            "location": "eastus2",
            "name": "nsg-vm",
            "resource_group_name": "rg-databrk-fsi",
            "security_rule": [],
            "tags": {
              "Environment": "Demo",
              "Owner": "izo.fernando1001@gmail.com"
            },
            "timeouts": null
          },
          "sensitive_attributes": [],
          "private": "eyJlMmJmYjczMC1lY2FhLTExZTYtOGY4OC0zNDM2M2JjN2M0YzAiOnsiY3JlYXRlIjoxODAwMDAwMDAwMDAwLCJkZWxldGUiOjE4MDAwMDAwMDAwMDAsInJlYWQiOjMwMDAwMDAwMDAwMCwidXBkYXRlIjoxODAwMDAwMDAwMDAwfX0=",
          "dependencies": [
            "azurerm_resource_group.fsi-rg",
            "data.external.me"
          ]
        }
      ]
    },
    {
      "mode": "managed",
      "type": "azurerm_network_security_group",
      "name": "this",
      "provider": "provider[\"registry.terraform.io/hashicorp/azurerm\"]",
      "instances": [
        {
          "schema_version": 0,
          "attributes": {
            "id": "/subscriptions/e5155bb0-da77-40cb-9202-7a1c541490ef/resourceGroups/rg-databrk-fsi/providers/Microsoft.Network/networkSecurityGroups/fsi-nsg",
            "location": "eastus2",
            "name": "fsi-nsg",
            "resource_group_name": "rg-databrk-fsi",
            "security_rule": [],
            "tags": {
              "Environment": "Demo",
              "Owner": "izo.fernando1001@gmail.com"
            },
            "timeouts": null
          },
          "sensitive_attributes": [],
          "private": "eyJlMmJmYjczMC1lY2FhLTExZTYtOGY4OC0zNDM2M2JjN2M0YzAiOnsiY3JlYXRlIjoxODAwMDAwMDAwMDAwLCJkZWxldGUiOjE4MDAwMDAwMDAwMDAsInJlYWQiOjMwMDAwMDAwMDAwMCwidXBkYXRlIjoxODAwMDAwMDAwMDAwfX0=",
          "dependencies": [
            "azurerm_resource_group.fsi-rg",
            "data.external.me"
          ]
        }
      ]
    },
    {
      "mode": "managed",
      "type": "azurerm_network_security_rule",
      "name": "aad",
      "provider": "provider[\"registry.terraform.io/hashicorp/azurerm\"]",
      "instances": [
        {
          "schema_version": 0,
          "attributes": {
            "access": "Allow",
            "description": "",
            "destination_address_prefix": "AzureActiveDirectory",
            "destination_address_prefixes": null,
            "destination_application_security_group_ids": null,
            "destination_port_range": "443",
            "destination_port_ranges": null,
            "direction": "Outbound",
            "id": "/subscriptions/e5155bb0-da77-40cb-9202-7a1c541490ef/resourceGroups/rg-databrk-fsi/providers/Microsoft.Network/networkSecurityGroups/fsi-nsg/securityRules/AllowAAD",
            "name": "AllowAAD",
            "network_security_group_name": "fsi-nsg",
            "priority": 200,
            "protocol": "Tcp",
            "resource_group_name": "rg-databrk-fsi",
            "source_address_prefix": "VirtualNetwork",
            "source_address_prefixes": null,
            "source_application_security_group_ids": null,
            "source_port_range": "*",
            "source_port_ranges": null,
            "timeouts": null
          },
          "sensitive_attributes": [],
          "private": "eyJlMmJmYjczMC1lY2FhLTExZTYtOGY4OC0zNDM2M2JjN2M0YzAiOnsiY3JlYXRlIjoxODAwMDAwMDAwMDAwLCJkZWxldGUiOjE4MDAwMDAwMDAwMDAsInJlYWQiOjMwMDAwMDAwMDAwMCwidXBkYXRlIjoxODAwMDAwMDAwMDAwfX0=",
          "dependencies": [
            "azurerm_network_security_group.this",
            "azurerm_resource_group.fsi-rg",
            "data.external.me"
          ]
        }
      ]
    },
    {
      "mode": "managed",
      "type": "azurerm_network_security_rule",
      "name": "azfrontdoor",
      "provider": "provider[\"registry.terraform.io/hashicorp/azurerm\"]",
      "instances": [
        {
          "schema_version": 0,
          "attributes": {
            "access": "Allow",
            "description": "",
            "destination_address_prefix": "AzureFrontDoor.Frontend",
            "destination_address_prefixes": null,
            "destination_application_security_group_ids": null,
            "destination_port_range": "443",
            "destination_port_ranges": null,
            "direction": "Outbound",
            "id": "/subscriptions/e5155bb0-da77-40cb-9202-7a1c541490ef/resourceGroups/rg-databrk-fsi/providers/Microsoft.Network/networkSecurityGroups/fsi-nsg/securityRules/AllowAzureFrontDoor",
            "name": "AllowAzureFrontDoor",
            "network_security_group_name": "fsi-nsg",
            "priority": 201,
            "protocol": "Tcp",
            "resource_group_name": "rg-databrk-fsi",
            "source_address_prefix": "VirtualNetwork",
            "source_address_prefixes": null,
            "source_application_security_group_ids": null,
            "source_port_range": "*",
            "source_port_ranges": null,
            "timeouts": null
          },
          "sensitive_attributes": [],
          "private": "eyJlMmJmYjczMC1lY2FhLTExZTYtOGY4OC0zNDM2M2JjN2M0YzAiOnsiY3JlYXRlIjoxODAwMDAwMDAwMDAwLCJkZWxldGUiOjE4MDAwMDAwMDAwMDAsInJlYWQiOjMwMDAwMDAwMDAwMCwidXBkYXRlIjoxODAwMDAwMDAwMDAwfX0=",
          "dependencies": [
            "azurerm_network_security_group.this",
            "azurerm_resource_group.fsi-rg",
            "data.external.me"
          ]
        }
      ]
    },
    {
      "mode": "managed",
      "type": "azurerm_network_security_rule",
      "name": "nsg-rule",
      "provider": "provider[\"registry.terraform.io/hashicorp/azurerm\"]",
      "instances": [
        {
          "schema_version": 0,
          "attributes": {
            "access": "Allow",
            "description": "",
            "destination_address_prefix": "*",
            "destination_address_prefixes": null,
            "destination_application_security_group_ids": null,
            "destination_port_range": "3389",
            "destination_port_ranges": null,
            "direction": "Inbound",
            "id": "/subscriptions/e5155bb0-da77-40cb-9202-7a1c541490ef/resourceGroups/rg-databrk-fsi/providers/Microsoft.Network/networkSecurityGroups/nsg-vm/securityRules/rdp",
            "name": "rdp",
            "network_security_group_name": "nsg-vm",
            "priority": 300,
            "protocol": "Tcp",
            "resource_group_name": "rg-databrk-fsi",
            "source_address_prefix": "*",
            "source_address_prefixes": null,
            "source_application_security_group_ids": null,
            "source_port_range": "*",
            "source_port_ranges": null,
            "timeouts": null
          },
          "sensitive_attributes": [],
          "private": "eyJlMmJmYjczMC1lY2FhLTExZTYtOGY4OC0zNDM2M2JjN2M0YzAiOnsiY3JlYXRlIjoxODAwMDAwMDAwMDAwLCJkZWxldGUiOjE4MDAwMDAwMDAwMDAsInJlYWQiOjMwMDAwMDAwMDAwMCwidXBkYXRlIjoxODAwMDAwMDAwMDAwfX0=",
          "dependencies": [
            "azurerm_network_security_group.nsg-vm",
            "azurerm_resource_group.fsi-rg",
            "data.external.me"
          ]
        }
      ]
    },
    {
      "mode": "managed",
      "type": "azurerm_private_dns_zone",
      "name": "dnsuiapi",
      "provider": "provider[\"registry.terraform.io/hashicorp/azurerm\"]",
      "instances": [
        {
          "schema_version": 0,
          "attributes": {
            "id": "/subscriptions/e5155bb0-da77-40cb-9202-7a1c541490ef/resourceGroups/rg-databrk-fsi/providers/Microsoft.Network/privateDnsZones/privatelink.azuredatabricks.net",
            "max_number_of_record_sets": 25000,
            "max_number_of_virtual_network_links": 1000,
            "max_number_of_virtual_network_links_with_registration": 100,
            "name": "privatelink.azuredatabricks.net",
            "number_of_record_sets": 1,
            "resource_group_name": "rg-databrk-fsi",
            "soa_record": [
              {
                "email": "azureprivatedns-host.microsoft.com",
                "expire_time": 2419200,
                "fqdn": "privatelink.azuredatabricks.net.",
                "host_name": "azureprivatedns.net",
                "minimum_ttl": 10,
                "refresh_time": 3600,
                "retry_time": 300,
                "serial_number": 1,
                "tags": {},
                "ttl": 3600
              }
            ],
            "tags": null,
            "timeouts": null
          },
          "sensitive_attributes": [],
          "private": "eyJlMmJmYjczMC1lY2FhLTExZTYtOGY4OC0zNDM2M2JjN2M0YzAiOnsiY3JlYXRlIjoxODAwMDAwMDAwMDAwLCJkZWxldGUiOjE4MDAwMDAwMDAwMDAsInJlYWQiOjMwMDAwMDAwMDAwMCwidXBkYXRlIjoxODAwMDAwMDAwMDAwfX0=",
          "dependencies": [
            "azurerm_resource_group.fsi-rg"
          ]
        }
      ]
    },
    {
      "mode": "managed",
      "type": "azurerm_private_dns_zone_virtual_network_link",
      "name": "uiapidnszonevnetlink",
      "provider": "provider[\"registry.terraform.io/hashicorp/azurerm\"]",
      "instances": [
        {
          "schema_version": 0,
          "attributes": {
            "id": "/subscriptions/e5155bb0-da77-40cb-9202-7a1c541490ef/resourceGroups/rg-databrk-fsi/providers/Microsoft.Network/privateDnsZones/privatelink.azuredatabricks.net/virtualNetworkLinks/uiapispokevnetconnection",
            "name": "uiapispokevnetconnection",
            "private_dns_zone_name": "privatelink.azuredatabricks.net",
            "registration_enabled": false,
            "resource_group_name": "rg-databrk-fsi",
            "tags": null,
            "timeouts": null,
            "virtual_network_id": "/subscriptions/e5155bb0-da77-40cb-9202-7a1c541490ef/resourceGroups/rg-databrk-fsi/providers/Microsoft.Network/virtualNetworks/fsi-vnet"
          },
          "sensitive_attributes": [],
          "private": "eyJlMmJmYjczMC1lY2FhLTExZTYtOGY4OC0zNDM2M2JjN2M0YzAiOnsiY3JlYXRlIjoxODAwMDAwMDAwMDAwLCJkZWxldGUiOjE4MDAwMDAwMDAwMDAsInJlYWQiOjMwMDAwMDAwMDAwMCwidXBkYXRlIjoxODAwMDAwMDAwMDAwfX0=",
          "dependencies": [
            "azurerm_private_dns_zone.dnsuiapi",
            "azurerm_resource_group.fsi-rg",
            "azurerm_virtual_network.this",
            "data.external.me"
          ]
        }
      ]
    },
    {
      "mode": "managed",
      "type": "azurerm_private_endpoint",
      "name": "auth",
      "provider": "provider[\"registry.terraform.io/hashicorp/azurerm\"]",
      "instances": [
        {
          "schema_version": 0,
          "attributes": {
            "custom_dns_configs": [],
            "custom_network_interface_name": "",
            "id": "/subscriptions/e5155bb0-da77-40cb-9202-7a1c541490ef/resourceGroups/rg-databrk-fsi/providers/Microsoft.Network/privateEndpoints/aadauthpvtendpoint",
            "ip_configuration": [],
            "location": "eastus2",
            "name": "aadauthpvtendpoint",
            "network_interface": [
              {
                "id": "/subscriptions/e5155bb0-da77-40cb-9202-7a1c541490ef/resourceGroups/rg-databrk-fsi/providers/Microsoft.Network/networkInterfaces/aadauthpvtendpoint.nic.abb09102-73a8-479f-a6af-084e4d717bd9",
                "name": "aadauthpvtendpoint.nic.abb09102-73a8-479f-a6af-084e4d717bd9"
              }
            ],
            "private_dns_zone_configs": [
              {
                "id": "/subscriptions/e5155bb0-da77-40cb-9202-7a1c541490ef/resourceGroups/rg-databrk-fsi/providers/Microsoft.Network/privateEndpoints/aadauthpvtendpoint/privateDnsZoneGroups/private-dns-zone-auth/privateDnsZoneConfigs/privatelink.azuredatabricks.net",
                "name": "privatelink.azuredatabricks.net",
                "private_dns_zone_id": "/subscriptions/e5155bb0-da77-40cb-9202-7a1c541490ef/resourceGroups/rg-databrk-fsi/providers/Microsoft.Network/privateDnsZones/privatelink.azuredatabricks.net",
                "record_sets": [
                  {
                    "fqdn": "eastus2.pl-auth.privatelink.azuredatabricks.net",
                    "ip_addresses": [
                      "10.0.0.132"
                    ],
                    "name": "eastus2.pl-auth",
                    "ttl": 10,
                    "type": "A"
                  },
                  {
                    "fqdn": "eastus2-c2.pl-auth.privatelink.azuredatabricks.net",
                    "ip_addresses": [
                      "10.0.0.133"
                    ],
                    "name": "eastus2-c2.pl-auth",
                    "ttl": 10,
                    "type": "A"
                  },
                  {
                    "fqdn": "eastus2-c3.pl-auth.privatelink.azuredatabricks.net",
                    "ip_addresses": [
                      "10.0.0.134"
                    ],
                    "name": "eastus2-c3.pl-auth",
                    "ttl": 10,
                    "type": "A"
                  }
                ]
              }
            ],
            "private_dns_zone_group": [
              {
                "id": "/subscriptions/e5155bb0-da77-40cb-9202-7a1c541490ef/resourceGroups/rg-databrk-fsi/providers/Microsoft.Network/privateEndpoints/aadauthpvtendpoint/privateDnsZoneGroups/private-dns-zone-auth",
                "name": "private-dns-zone-auth",
                "private_dns_zone_ids": [
                  "/subscriptions/e5155bb0-da77-40cb-9202-7a1c541490ef/resourceGroups/rg-databrk-fsi/providers/Microsoft.Network/privateDnsZones/privatelink.azuredatabricks.net"
                ]
              }
            ],
            "private_service_connection": [
              {
                "is_manual_connection": false,
                "name": "ple-wrksp-databrk-fsi-auth",
                "private_connection_resource_alias": "",
                "private_connection_resource_id": "/subscriptions/e5155bb0-da77-40cb-9202-7a1c541490ef/resourceGroups/rg-databrk-fsi/providers/Microsoft.Databricks/workspaces/web-oauth-workspace",
                "private_ip_address": "10.0.0.132",
                "request_message": "",
                "subresource_names": [
                  "browser_authentication"
                ]
              }
            ],
            "resource_group_name": "rg-databrk-fsi",
            "subnet_id": "/subscriptions/e5155bb0-da77-40cb-9202-7a1c541490ef/resourceGroups/rg-databrk-fsi/providers/Microsoft.Network/virtualNetworks/fsi-vnet/subnets/fsi-privatelink",
            "tags": null,
            "timeouts": null
          },
          "sensitive_attributes": [],
          "private": "eyJlMmJmYjczMC1lY2FhLTExZTYtOGY4OC0zNDM2M2JjN2M0YzAiOnsiY3JlYXRlIjozNjAwMDAwMDAwMDAwLCJkZWxldGUiOjM2MDAwMDAwMDAwMDAsInJlYWQiOjMwMDAwMDAwMDAwMCwidXBkYXRlIjozNjAwMDAwMDAwMDAwfX0=",
          "dependencies": [
            "azurerm_databricks_workspace.web-oauth",
            "azurerm_network_security_group.this",
            "azurerm_private_dns_zone.dnsuiapi",
            "azurerm_resource_group.fsi-rg",
            "azurerm_subnet.plsubnet",
            "azurerm_subnet.private-oauth",
            "azurerm_subnet.public-oauth",
            "azurerm_subnet_network_security_group_association.private-oauth",
            "azurerm_subnet_network_security_group_association.public-oauth",
            "azurerm_virtual_network.this",
            "data.external.me"
          ]
        }
      ]
    },
    {
      "mode": "managed",
      "type": "azurerm_private_endpoint",
      "name": "uiapi",
      "provider": "provider[\"registry.terraform.io/hashicorp/azurerm\"]",
      "instances": [
        {
          "schema_version": 0,
          "attributes": {
            "custom_dns_configs": [],
            "custom_network_interface_name": "",
            "id": "/subscriptions/e5155bb0-da77-40cb-9202-7a1c541490ef/resourceGroups/rg-databrk-fsi/providers/Microsoft.Network/privateEndpoints/uiapipvtendpoint",
            "ip_configuration": [],
            "location": "eastus2",
            "name": "uiapipvtendpoint",
            "network_interface": [
              {
                "id": "/subscriptions/e5155bb0-da77-40cb-9202-7a1c541490ef/resourceGroups/rg-databrk-fsi/providers/Microsoft.Network/networkInterfaces/uiapipvtendpoint.nic.ecadc5c1-5db9-4eaf-8d2c-fc58c396220c",
                "name": "uiapipvtendpoint.nic.ecadc5c1-5db9-4eaf-8d2c-fc58c396220c"
              }
            ],
            "private_dns_zone_configs": [
              {
                "id": "/subscriptions/e5155bb0-da77-40cb-9202-7a1c541490ef/resourceGroups/rg-databrk-fsi/providers/Microsoft.Network/privateEndpoints/uiapipvtendpoint/privateDnsZoneGroups/private-dns-zone-uiapi/privateDnsZoneConfigs/privatelink.azuredatabricks.net",
                "name": "privatelink.azuredatabricks.net",
                "private_dns_zone_id": "/subscriptions/e5155bb0-da77-40cb-9202-7a1c541490ef/resourceGroups/rg-databrk-fsi/providers/Microsoft.Network/privateDnsZones/privatelink.azuredatabricks.net",
                "record_sets": [
                  {
                    "fqdn": "adb-5170018194599846.6.privatelink.azuredatabricks.net",
                    "ip_addresses": [
                      "10.0.0.135"
                    ],
                    "name": "adb-5170018194599846.6",
                    "ttl": 10,
                    "type": "A"
                  }
                ]
              }
            ],
            "private_dns_zone_group": [
              {
                "id": "/subscriptions/e5155bb0-da77-40cb-9202-7a1c541490ef/resourceGroups/rg-databrk-fsi/providers/Microsoft.Network/privateEndpoints/uiapipvtendpoint/privateDnsZoneGroups/private-dns-zone-uiapi",
                "name": "private-dns-zone-uiapi",
                "private_dns_zone_ids": [
                  "/subscriptions/e5155bb0-da77-40cb-9202-7a1c541490ef/resourceGroups/rg-databrk-fsi/providers/Microsoft.Network/privateDnsZones/privatelink.azuredatabricks.net"
                ]
              }
            ],
            "private_service_connection": [
              {
                "is_manual_connection": false,
                "name": "ple-wrksp-databrk-fsi-uiapi",
                "private_connection_resource_alias": "",
                "private_connection_resource_id": "/subscriptions/e5155bb0-da77-40cb-9202-7a1c541490ef/resourceGroups/rg-databrk-fsi/providers/Microsoft.Databricks/workspaces/fsi-workspace",
                "private_ip_address": "10.0.0.135",
                "request_message": "",
                "subresource_names": [
                  "databricks_ui_api"
                ]
              }
            ],
            "resource_group_name": "rg-databrk-fsi",
            "subnet_id": "/subscriptions/e5155bb0-da77-40cb-9202-7a1c541490ef/resourceGroups/rg-databrk-fsi/providers/Microsoft.Network/virtualNetworks/fsi-vnet/subnets/fsi-privatelink",
            "tags": null,
            "timeouts": null
          },
          "sensitive_attributes": [],
          "private": "eyJlMmJmYjczMC1lY2FhLTExZTYtOGY4OC0zNDM2M2JjN2M0YzAiOnsiY3JlYXRlIjozNjAwMDAwMDAwMDAwLCJkZWxldGUiOjM2MDAwMDAwMDAwMDAsInJlYWQiOjMwMDAwMDAwMDAwMCwidXBkYXRlIjozNjAwMDAwMDAwMDAwfX0=",
          "dependencies": [
            "azurerm_databricks_workspace.this",
            "azurerm_network_security_group.this",
            "azurerm_private_dns_zone.dnsuiapi",
            "azurerm_resource_group.fsi-rg",
            "azurerm_subnet.plsubnet",
            "azurerm_subnet.private",
            "azurerm_subnet.public",
            "azurerm_subnet_network_security_group_association.private",
            "azurerm_subnet_network_security_group_association.public",
            "azurerm_virtual_network.this",
            "data.external.me"
          ]
        }
      ]
    },
    {
      "mode": "managed",
      "type": "azurerm_public_ip",
      "name": "brk-ip",
      "provider": "provider[\"registry.terraform.io/hashicorp/azurerm\"]",
      "instances": [
        {
          "schema_version": 0,
          "attributes": {
            "allocation_method": "Dynamic",
            "ddos_protection_mode": "VirtualNetworkInherited",
            "ddos_protection_plan_id": null,
            "domain_name_label": null,
            "edge_zone": "",
            "fqdn": null,
            "id": "/subscriptions/e5155bb0-da77-40cb-9202-7a1c541490ef/resourceGroups/rg-databrk-fsi/providers/Microsoft.Network/publicIPAddresses/brk-ip",
            "idle_timeout_in_minutes": 4,
            "ip_address": "",
            "ip_tags": null,
            "ip_version": "IPv4",
            "location": "eastus2",
            "name": "brk-ip",
            "public_ip_prefix_id": null,
            "resource_group_name": "rg-databrk-fsi",
            "reverse_fqdn": null,
            "sku": "Basic",
            "sku_tier": "Regional",
            "tags": {
              "environment": "dev"
            },
            "timeouts": null,
            "zones": null
          },
          "sensitive_attributes": [],
          "private": "eyJlMmJmYjczMC1lY2FhLTExZTYtOGY4OC0zNDM2M2JjN2M0YzAiOnsiY3JlYXRlIjoxODAwMDAwMDAwMDAwLCJkZWxldGUiOjE4MDAwMDAwMDAwMDAsInJlYWQiOjMwMDAwMDAwMDAwMCwidXBkYXRlIjoxODAwMDAwMDAwMDAwfX0=",
          "dependencies": [
            "azurerm_resource_group.fsi-rg"
          ]
        }
      ]
    },
    {
      "mode": "managed",
      "type": "azurerm_resource_group",
      "name": "fsi-rg",
      "provider": "provider[\"registry.terraform.io/hashicorp/azurerm\"]",
      "instances": [
        {
          "schema_version": 0,
          "attributes": {
            "id": "/subscriptions/e5155bb0-da77-40cb-9202-7a1c541490ef/resourceGroups/rg-databrk-fsi",
            "location": "eastus2",
            "name": "rg-databrk-fsi",
            "tags": null,
            "timeouts": null
          },
          "sensitive_attributes": [],
          "private": "eyJlMmJmYjczMC1lY2FhLTExZTYtOGY4OC0zNDM2M2JjN2M0YzAiOnsiY3JlYXRlIjo1NDAwMDAwMDAwMDAwLCJkZWxldGUiOjU0MDAwMDAwMDAwMDAsInJlYWQiOjMwMDAwMDAwMDAwMCwidXBkYXRlIjo1NDAwMDAwMDAwMDAwfX0="
        }
      ]
    },
    {
      "mode": "managed",
      "type": "azurerm_subnet",
      "name": "plsubnet",
      "provider": "provider[\"registry.terraform.io/hashicorp/azurerm\"]",
      "instances": [
        {
          "schema_version": 0,
          "attributes": {
            "address_prefixes": [
              "10.0.0.128/26"
            ],
            "delegation": [],
            "enforce_private_link_endpoint_network_policies": false,
            "enforce_private_link_service_network_policies": false,
            "id": "/subscriptions/e5155bb0-da77-40cb-9202-7a1c541490ef/resourceGroups/rg-databrk-fsi/providers/Microsoft.Network/virtualNetworks/fsi-vnet/subnets/fsi-privatelink",
            "name": "fsi-privatelink",
            "private_endpoint_network_policies_enabled": true,
            "private_link_service_network_policies_enabled": true,
            "resource_group_name": "rg-databrk-fsi",
            "service_endpoint_policy_ids": null,
            "service_endpoints": null,
            "timeouts": null,
            "virtual_network_name": "fsi-vnet"
          },
          "sensitive_attributes": [],
          "private": "eyJlMmJmYjczMC1lY2FhLTExZTYtOGY4OC0zNDM2M2JjN2M0YzAiOnsiY3JlYXRlIjoxODAwMDAwMDAwMDAwLCJkZWxldGUiOjE4MDAwMDAwMDAwMDAsInJlYWQiOjMwMDAwMDAwMDAwMCwidXBkYXRlIjoxODAwMDAwMDAwMDAwfX0=",
          "dependencies": [
            "azurerm_resource_group.fsi-rg",
            "azurerm_virtual_network.this",
            "data.external.me"
          ]
        }
      ]
    },
    {
      "mode": "managed",
      "type": "azurerm_subnet",
      "name": "private",
      "provider": "provider[\"registry.terraform.io/hashicorp/azurerm\"]",
      "instances": [
        {
          "schema_version": 0,
          "attributes": {
            "address_prefixes": [
              "10.0.0.64/26"
            ],
            "delegation": [
              {
                "name": "databricks",
                "service_delegation": [
                  {
                    "actions": [
                      "Microsoft.Network/virtualNetworks/subnets/join/action",
                      "Microsoft.Network/virtualNetworks/subnets/prepareNetworkPolicies/action",
                      "Microsoft.Network/virtualNetworks/subnets/unprepareNetworkPolicies/action"
                    ],
                    "name": "Microsoft.Databricks/workspaces"
                  }
                ]
              }
            ],
            "enforce_private_link_endpoint_network_policies": false,
            "enforce_private_link_service_network_policies": false,
            "id": "/subscriptions/e5155bb0-da77-40cb-9202-7a1c541490ef/resourceGroups/rg-databrk-fsi/providers/Microsoft.Network/virtualNetworks/fsi-vnet/subnets/fsi-private",
            "name": "fsi-private",
            "private_endpoint_network_policies_enabled": true,
            "private_link_service_network_policies_enabled": true,
            "resource_group_name": "rg-databrk-fsi",
            "service_endpoint_policy_ids": null,
            "service_endpoints": null,
            "timeouts": null,
            "virtual_network_name": "fsi-vnet"
          },
          "sensitive_attributes": [],
          "private": "eyJlMmJmYjczMC1lY2FhLTExZTYtOGY4OC0zNDM2M2JjN2M0YzAiOnsiY3JlYXRlIjoxODAwMDAwMDAwMDAwLCJkZWxldGUiOjE4MDAwMDAwMDAwMDAsInJlYWQiOjMwMDAwMDAwMDAwMCwidXBkYXRlIjoxODAwMDAwMDAwMDAwfX0=",
          "dependencies": [
            "azurerm_resource_group.fsi-rg",
            "azurerm_virtual_network.this",
            "data.external.me"
          ]
        }
      ]
    },
    {
      "mode": "managed",
      "type": "azurerm_subnet",
      "name": "private-oauth",
      "provider": "provider[\"registry.terraform.io/hashicorp/azurerm\"]",
      "instances": [
        {
          "schema_version": 0,
          "attributes": {
            "address_prefixes": [
              "10.0.1.0/26"
            ],
            "delegation": [
              {
                "name": "databricks",
                "service_delegation": [
                  {
                    "actions": [
                      "Microsoft.Network/virtualNetworks/subnets/join/action",
                      "Microsoft.Network/virtualNetworks/subnets/prepareNetworkPolicies/action",
                      "Microsoft.Network/virtualNetworks/subnets/unprepareNetworkPolicies/action"
                    ],
                    "name": "Microsoft.Databricks/workspaces"
                  }
                ]
              }
            ],
            "enforce_private_link_endpoint_network_policies": false,
            "enforce_private_link_service_network_policies": false,
            "id": "/subscriptions/e5155bb0-da77-40cb-9202-7a1c541490ef/resourceGroups/rg-databrk-fsi/providers/Microsoft.Network/virtualNetworks/fsi-vnet/subnets/fsi-private-oauth",
            "name": "fsi-private-oauth",
            "private_endpoint_network_policies_enabled": true,
            "private_link_service_network_policies_enabled": true,
            "resource_group_name": "rg-databrk-fsi",
            "service_endpoint_policy_ids": null,
            "service_endpoints": null,
            "timeouts": null,
            "virtual_network_name": "fsi-vnet"
          },
          "sensitive_attributes": [],
          "private": "eyJlMmJmYjczMC1lY2FhLTExZTYtOGY4OC0zNDM2M2JjN2M0YzAiOnsiY3JlYXRlIjoxODAwMDAwMDAwMDAwLCJkZWxldGUiOjE4MDAwMDAwMDAwMDAsInJlYWQiOjMwMDAwMDAwMDAwMCwidXBkYXRlIjoxODAwMDAwMDAwMDAwfX0=",
          "dependencies": [
            "azurerm_resource_group.fsi-rg",
            "azurerm_virtual_network.this",
            "data.external.me"
          ]
        }
      ]
    },
    {
      "mode": "managed",
      "type": "azurerm_subnet",
      "name": "public",
      "provider": "provider[\"registry.terraform.io/hashicorp/azurerm\"]",
      "instances": [
        {
          "schema_version": 0,
          "attributes": {
            "address_prefixes": [
              "10.0.0.0/26"
            ],
            "delegation": [
              {
                "name": "databricks",
                "service_delegation": [
                  {
                    "actions": [
                      "Microsoft.Network/virtualNetworks/subnets/join/action",
                      "Microsoft.Network/virtualNetworks/subnets/prepareNetworkPolicies/action",
                      "Microsoft.Network/virtualNetworks/subnets/unprepareNetworkPolicies/action"
                    ],
                    "name": "Microsoft.Databricks/workspaces"
                  }
                ]
              }
            ],
            "enforce_private_link_endpoint_network_policies": false,
            "enforce_private_link_service_network_policies": false,
            "id": "/subscriptions/e5155bb0-da77-40cb-9202-7a1c541490ef/resourceGroups/rg-databrk-fsi/providers/Microsoft.Network/virtualNetworks/fsi-vnet/subnets/fsi-public",
            "name": "fsi-public",
            "private_endpoint_network_policies_enabled": true,
            "private_link_service_network_policies_enabled": true,
            "resource_group_name": "rg-databrk-fsi",
            "service_endpoint_policy_ids": null,
            "service_endpoints": null,
            "timeouts": null,
            "virtual_network_name": "fsi-vnet"
          },
          "sensitive_attributes": [],
          "private": "eyJlMmJmYjczMC1lY2FhLTExZTYtOGY4OC0zNDM2M2JjN2M0YzAiOnsiY3JlYXRlIjoxODAwMDAwMDAwMDAwLCJkZWxldGUiOjE4MDAwMDAwMDAwMDAsInJlYWQiOjMwMDAwMDAwMDAwMCwidXBkYXRlIjoxODAwMDAwMDAwMDAwfX0=",
          "dependencies": [
            "azurerm_resource_group.fsi-rg",
            "azurerm_virtual_network.this",
            "data.external.me"
          ]
        }
      ]
    },
    {
      "mode": "managed",
      "type": "azurerm_subnet",
      "name": "public-oauth",
      "provider": "provider[\"registry.terraform.io/hashicorp/azurerm\"]",
      "instances": [
        {
          "schema_version": 0,
          "attributes": {
            "address_prefixes": [
              "10.0.0.192/26"
            ],
            "delegation": [
              {
                "name": "databricks",
                "service_delegation": [
                  {
                    "actions": [
                      "Microsoft.Network/virtualNetworks/subnets/join/action",
                      "Microsoft.Network/virtualNetworks/subnets/prepareNetworkPolicies/action",
                      "Microsoft.Network/virtualNetworks/subnets/unprepareNetworkPolicies/action"
                    ],
                    "name": "Microsoft.Databricks/workspaces"
                  }
                ]
              }
            ],
            "enforce_private_link_endpoint_network_policies": false,
            "enforce_private_link_service_network_policies": false,
            "id": "/subscriptions/e5155bb0-da77-40cb-9202-7a1c541490ef/resourceGroups/rg-databrk-fsi/providers/Microsoft.Network/virtualNetworks/fsi-vnet/subnets/fsi-public-oauth",
            "name": "fsi-public-oauth",
            "private_endpoint_network_policies_enabled": true,
            "private_link_service_network_policies_enabled": true,
            "resource_group_name": "rg-databrk-fsi",
            "service_endpoint_policy_ids": null,
            "service_endpoints": null,
            "timeouts": null,
            "virtual_network_name": "fsi-vnet"
          },
          "sensitive_attributes": [],
          "private": "eyJlMmJmYjczMC1lY2FhLTExZTYtOGY4OC0zNDM2M2JjN2M0YzAiOnsiY3JlYXRlIjoxODAwMDAwMDAwMDAwLCJkZWxldGUiOjE4MDAwMDAwMDAwMDAsInJlYWQiOjMwMDAwMDAwMDAwMCwidXBkYXRlIjoxODAwMDAwMDAwMDAwfX0=",
          "dependencies": [
            "azurerm_resource_group.fsi-rg",
            "azurerm_virtual_network.this",
            "data.external.me"
          ]
        }
      ]
    },
    {
      "mode": "managed",
      "type": "azurerm_subnet",
      "name": "vmsubnet",
      "provider": "provider[\"registry.terraform.io/hashicorp/azurerm\"]",
      "instances": [
        {
          "schema_version": 0,
          "attributes": {
            "address_prefixes": [
              "10.0.1.64/26"
            ],
            "delegation": [],
            "enforce_private_link_endpoint_network_policies": false,
            "enforce_private_link_service_network_policies": false,
            "id": "/subscriptions/e5155bb0-da77-40cb-9202-7a1c541490ef/resourceGroups/rg-databrk-fsi/providers/Microsoft.Network/virtualNetworks/fsi-vnet/subnets/fsi-vmprivatelink",
            "name": "fsi-vmprivatelink",
            "private_endpoint_network_policies_enabled": true,
            "private_link_service_network_policies_enabled": true,
            "resource_group_name": "rg-databrk-fsi",
            "service_endpoint_policy_ids": null,
            "service_endpoints": null,
            "timeouts": null,
            "virtual_network_name": "fsi-vnet"
          },
          "sensitive_attributes": [],
          "private": "eyJlMmJmYjczMC1lY2FhLTExZTYtOGY4OC0zNDM2M2JjN2M0YzAiOnsiY3JlYXRlIjoxODAwMDAwMDAwMDAwLCJkZWxldGUiOjE4MDAwMDAwMDAwMDAsInJlYWQiOjMwMDAwMDAwMDAwMCwidXBkYXRlIjoxODAwMDAwMDAwMDAwfX0=",
          "dependencies": [
            "azurerm_resource_group.fsi-rg",
            "azurerm_virtual_network.this",
            "data.external.me"
          ]
        }
      ]
    },
    {
      "mode": "managed",
      "type": "azurerm_subnet_network_security_group_association",
      "name": "private",
      "provider": "provider[\"registry.terraform.io/hashicorp/azurerm\"]",
      "instances": [
        {
          "schema_version": 0,
          "attributes": {
            "id": "/subscriptions/e5155bb0-da77-40cb-9202-7a1c541490ef/resourceGroups/rg-databrk-fsi/providers/Microsoft.Network/virtualNetworks/fsi-vnet/subnets/fsi-private",
            "network_security_group_id": "/subscriptions/e5155bb0-da77-40cb-9202-7a1c541490ef/resourceGroups/rg-databrk-fsi/providers/Microsoft.Network/networkSecurityGroups/fsi-nsg",
            "subnet_id": "/subscriptions/e5155bb0-da77-40cb-9202-7a1c541490ef/resourceGroups/rg-databrk-fsi/providers/Microsoft.Network/virtualNetworks/fsi-vnet/subnets/fsi-private",
            "timeouts": null
          },
          "sensitive_attributes": [],
          "private": "eyJlMmJmYjczMC1lY2FhLTExZTYtOGY4OC0zNDM2M2JjN2M0YzAiOnsiY3JlYXRlIjoxODAwMDAwMDAwMDAwLCJkZWxldGUiOjE4MDAwMDAwMDAwMDAsInJlYWQiOjMwMDAwMDAwMDAwMCwidXBkYXRlIjoxODAwMDAwMDAwMDAwfX0=",
          "dependencies": [
            "azurerm_network_security_group.this",
            "azurerm_resource_group.fsi-rg",
            "azurerm_subnet.private",
            "azurerm_virtual_network.this",
            "data.external.me"
          ]
        }
      ]
    },
    {
      "mode": "managed",
      "type": "azurerm_subnet_network_security_group_association",
      "name": "private-oauth",
      "provider": "provider[\"registry.terraform.io/hashicorp/azurerm\"]",
      "instances": [
        {
          "schema_version": 0,
          "attributes": {
            "id": "/subscriptions/e5155bb0-da77-40cb-9202-7a1c541490ef/resourceGroups/rg-databrk-fsi/providers/Microsoft.Network/virtualNetworks/fsi-vnet/subnets/fsi-private-oauth",
            "network_security_group_id": "/subscriptions/e5155bb0-da77-40cb-9202-7a1c541490ef/resourceGroups/rg-databrk-fsi/providers/Microsoft.Network/networkSecurityGroups/fsi-nsg",
            "subnet_id": "/subscriptions/e5155bb0-da77-40cb-9202-7a1c541490ef/resourceGroups/rg-databrk-fsi/providers/Microsoft.Network/virtualNetworks/fsi-vnet/subnets/fsi-private-oauth",
            "timeouts": null
          },
          "sensitive_attributes": [],
          "private": "eyJlMmJmYjczMC1lY2FhLTExZTYtOGY4OC0zNDM2M2JjN2M0YzAiOnsiY3JlYXRlIjoxODAwMDAwMDAwMDAwLCJkZWxldGUiOjE4MDAwMDAwMDAwMDAsInJlYWQiOjMwMDAwMDAwMDAwMCwidXBkYXRlIjoxODAwMDAwMDAwMDAwfX0=",
          "dependencies": [
            "azurerm_network_security_group.this",
            "azurerm_resource_group.fsi-rg",
            "azurerm_subnet.private-oauth",
            "azurerm_virtual_network.this",
            "data.external.me"
          ]
        }
      ]
    },
    {
      "mode": "managed",
      "type": "azurerm_subnet_network_security_group_association",
      "name": "public",
      "provider": "provider[\"registry.terraform.io/hashicorp/azurerm\"]",
      "instances": [
        {
          "schema_version": 0,
          "attributes": {
            "id": "/subscriptions/e5155bb0-da77-40cb-9202-7a1c541490ef/resourceGroups/rg-databrk-fsi/providers/Microsoft.Network/virtualNetworks/fsi-vnet/subnets/fsi-public",
            "network_security_group_id": "/subscriptions/e5155bb0-da77-40cb-9202-7a1c541490ef/resourceGroups/rg-databrk-fsi/providers/Microsoft.Network/networkSecurityGroups/fsi-nsg",
            "subnet_id": "/subscriptions/e5155bb0-da77-40cb-9202-7a1c541490ef/resourceGroups/rg-databrk-fsi/providers/Microsoft.Network/virtualNetworks/fsi-vnet/subnets/fsi-public",
            "timeouts": null
          },
          "sensitive_attributes": [],
          "private": "eyJlMmJmYjczMC1lY2FhLTExZTYtOGY4OC0zNDM2M2JjN2M0YzAiOnsiY3JlYXRlIjoxODAwMDAwMDAwMDAwLCJkZWxldGUiOjE4MDAwMDAwMDAwMDAsInJlYWQiOjMwMDAwMDAwMDAwMCwidXBkYXRlIjoxODAwMDAwMDAwMDAwfX0=",
          "dependencies": [
            "azurerm_network_security_group.this",
            "azurerm_resource_group.fsi-rg",
            "azurerm_subnet.public",
            "azurerm_virtual_network.this",
            "data.external.me"
          ]
        }
      ]
    },
    {
      "mode": "managed",
      "type": "azurerm_subnet_network_security_group_association",
      "name": "public-oauth",
      "provider": "provider[\"registry.terraform.io/hashicorp/azurerm\"]",
      "instances": [
        {
          "schema_version": 0,
          "attributes": {
            "id": "/subscriptions/e5155bb0-da77-40cb-9202-7a1c541490ef/resourceGroups/rg-databrk-fsi/providers/Microsoft.Network/virtualNetworks/fsi-vnet/subnets/fsi-public-oauth",
            "network_security_group_id": "/subscriptions/e5155bb0-da77-40cb-9202-7a1c541490ef/resourceGroups/rg-databrk-fsi/providers/Microsoft.Network/networkSecurityGroups/fsi-nsg",
            "subnet_id": "/subscriptions/e5155bb0-da77-40cb-9202-7a1c541490ef/resourceGroups/rg-databrk-fsi/providers/Microsoft.Network/virtualNetworks/fsi-vnet/subnets/fsi-public-oauth",
            "timeouts": null
          },
          "sensitive_attributes": [],
          "private": "eyJlMmJmYjczMC1lY2FhLTExZTYtOGY4OC0zNDM2M2JjN2M0YzAiOnsiY3JlYXRlIjoxODAwMDAwMDAwMDAwLCJkZWxldGUiOjE4MDAwMDAwMDAwMDAsInJlYWQiOjMwMDAwMDAwMDAwMCwidXBkYXRlIjoxODAwMDAwMDAwMDAwfX0=",
          "dependencies": [
            "azurerm_network_security_group.this",
            "azurerm_resource_group.fsi-rg",
            "azurerm_subnet.public-oauth",
            "azurerm_virtual_network.this",
            "data.external.me"
          ]
        }
      ]
    },
    {
      "mode": "managed",
      "type": "azurerm_subnet_network_security_group_association",
      "name": "vm",
      "provider": "provider[\"registry.terraform.io/hashicorp/azurerm\"]",
      "instances": [
        {
          "schema_version": 0,
          "attributes": {
            "id": "/subscriptions/e5155bb0-da77-40cb-9202-7a1c541490ef/resourceGroups/rg-databrk-fsi/providers/Microsoft.Network/virtualNetworks/fsi-vnet/subnets/fsi-vmprivatelink",
            "network_security_group_id": "/subscriptions/e5155bb0-da77-40cb-9202-7a1c541490ef/resourceGroups/rg-databrk-fsi/providers/Microsoft.Network/networkSecurityGroups/nsg-vm",
            "subnet_id": "/subscriptions/e5155bb0-da77-40cb-9202-7a1c541490ef/resourceGroups/rg-databrk-fsi/providers/Microsoft.Network/virtualNetworks/fsi-vnet/subnets/fsi-vmprivatelink",
            "timeouts": null
          },
          "sensitive_attributes": [],
          "private": "eyJlMmJmYjczMC1lY2FhLTExZTYtOGY4OC0zNDM2M2JjN2M0YzAiOnsiY3JlYXRlIjoxODAwMDAwMDAwMDAwLCJkZWxldGUiOjE4MDAwMDAwMDAwMDAsInJlYWQiOjMwMDAwMDAwMDAwMCwidXBkYXRlIjoxODAwMDAwMDAwMDAwfX0=",
          "dependencies": [
            "azurerm_network_security_group.nsg-vm",
            "azurerm_resource_group.fsi-rg",
            "azurerm_subnet.vmsubnet",
            "azurerm_virtual_network.this",
            "data.external.me"
          ]
        }
      ]
    },
    {
      "mode": "managed",
      "type": "azurerm_virtual_network",
      "name": "this",
      "provider": "provider[\"registry.terraform.io/hashicorp/azurerm\"]",
      "instances": [
        {
          "schema_version": 0,
          "attributes": {
            "address_space": [
              "10.0.0.0/23"
            ],
            "bgp_community": "",
            "ddos_protection_plan": [],
            "dns_servers": [],
            "edge_zone": "",
            "flow_timeout_in_minutes": 0,
            "guid": "608cbf22-a863-47d0-9a12-f049008fcfa2",
            "id": "/subscriptions/e5155bb0-da77-40cb-9202-7a1c541490ef/resourceGroups/rg-databrk-fsi/providers/Microsoft.Network/virtualNetworks/fsi-vnet",
            "location": "eastus2",
            "name": "fsi-vnet",
            "resource_group_name": "rg-databrk-fsi",
            "subnet": [],
            "tags": {
              "Environment": "Demo",
              "Owner": "izo.fernando1001@gmail.com"
            },
            "timeouts": null
          },
          "sensitive_attributes": [],
          "private": "eyJlMmJmYjczMC1lY2FhLTExZTYtOGY4OC0zNDM2M2JjN2M0YzAiOnsiY3JlYXRlIjoxODAwMDAwMDAwMDAwLCJkZWxldGUiOjE4MDAwMDAwMDAwMDAsInJlYWQiOjMwMDAwMDAwMDAwMCwidXBkYXRlIjoxODAwMDAwMDAwMDAwfX0=",
          "dependencies": [
            "azurerm_resource_group.fsi-rg",
            "data.external.me"
          ]
        }
      ]
    },
    {
      "mode": "managed",
      "type": "azurerm_windows_virtual_machine",
      "name": "brk-vm",
      "provider": "provider[\"registry.terraform.io/hashicorp/azurerm\"]",
      "instances": [
        {
          "schema_version": 0,
          "attributes": {
            "additional_capabilities": [],
            "additional_unattend_content": [],
            "admin_password": "P@$$w0rd1234!",
            "admin_username": "fsizo",
            "allow_extension_operations": true,
            "availability_set_id": "",
            "boot_diagnostics": [],
            "capacity_reservation_group_id": "",
            "computer_name": "brk-vm",
            "custom_data": null,
            "dedicated_host_group_id": "",
            "dedicated_host_id": "",
            "edge_zone": "",
            "enable_automatic_updates": true,
            "encryption_at_host_enabled": false,
            "eviction_policy": "",
            "extensions_time_budget": "PT1H30M",
            "gallery_application": [],
            "hotpatching_enabled": false,
            "id": "/subscriptions/e5155bb0-da77-40cb-9202-7a1c541490ef/resourceGroups/rg-databrk-fsi/providers/Microsoft.Compute/virtualMachines/brk-vm",
            "identity": [],
            "license_type": "",
            "location": "eastus2",
            "max_bid_price": -1,
            "name": "brk-vm",
            "network_interface_ids": [
              "/subscriptions/e5155bb0-da77-40cb-9202-7a1c541490ef/resourceGroups/rg-databrk-fsi/providers/Microsoft.Network/networkInterfaces/brk-nic"
            ],
            "os_disk": [
              {
                "caching": "ReadWrite",
                "diff_disk_settings": [],
                "disk_encryption_set_id": "",
                "disk_size_gb": 127,
                "name": "brk-vm_OsDisk_1_83855941f7ef4272b8496744e387ec2b",
                "secure_vm_disk_encryption_set_id": "",
                "security_encryption_type": "",
                "storage_account_type": "Standard_LRS",
                "write_accelerator_enabled": false
              }
            ],
            "patch_assessment_mode": "ImageDefault",
            "patch_mode": "AutomaticByOS",
            "plan": [],
            "platform_fault_domain": -1,
            "priority": "Regular",
            "private_ip_address": "10.0.1.68",
            "private_ip_addresses": [
              "10.0.1.68"
            ],
            "provision_vm_agent": true,
            "proximity_placement_group_id": "",
            "public_ip_address": "20.10.198.42",
            "public_ip_addresses": [
              "20.10.198.42"
            ],
            "resource_group_name": "rg-databrk-fsi",
            "secret": [],
            "secure_boot_enabled": false,
            "size": "Standard_DS1_v2",
            "source_image_id": "",
            "source_image_reference": [
              {
                "offer": "windows-10",
                "publisher": "MicrosoftWindowsDesktop",
                "sku": "19h2-ent",
                "version": "latest"
              }
            ],
            "tags": null,
            "termination_notification": null,
            "timeouts": null,
            "timezone": "",
            "user_data": "",
            "virtual_machine_id": "d4a968c1-7717-4129-98a4-4af9064f067c",
            "virtual_machine_scale_set_id": "",
            "vtpm_enabled": false,
            "winrm_listener": [],
            "zone": ""
          },
          "sensitive_attributes": [],
          "private": "eyJlMmJmYjczMC1lY2FhLTExZTYtOGY4OC0zNDM2M2JjN2M0YzAiOnsiY3JlYXRlIjoyNzAwMDAwMDAwMDAwLCJkZWxldGUiOjI3MDAwMDAwMDAwMDAsInJlYWQiOjMwMDAwMDAwMDAwMCwidXBkYXRlIjoyNzAwMDAwMDAwMDAwfX0=",
          "dependencies": [
            "azurerm_network_interface.brk-nic",
            "azurerm_public_ip.brk-ip",
            "azurerm_resource_group.fsi-rg",
            "azurerm_subnet.vmsubnet",
            "azurerm_virtual_network.this",
            "data.external.me"
          ]
        }
      ]
    }
  ]
}
